
Microsoft Visual Studio Solution File, Format Version 12.00
# Visual Studio Version 17
VisualStudioVersion = 17.6.33815.320
MinimumVisualStudioVersion = 10.0.40219.1
Project("{9A19103F-16F7-4668-BE54-9A1E7A4F7556}") = "Rjomba.Server", "Rjomba\Server\Rjomba.Server.csproj", "{06182F04-8A1F-4176-9416-F0799726C1C8}"
EndProject
Project("{9A19103F-16F7-4668-BE54-9A1E7A4F7556}") = "Rjomba.Client", "Rjomba\Client\Rjomba.Client.csproj", "{6BA0169B-004A-4DE4-99EC-AACBB107F2A3}"
EndProject
Project("{9A19103F-16F7-4668-BE54-9A1E7A4F7556}") = "Rjomba.Shared", "Rjomba\Shared\Rjomba.Shared.csproj", "{017F93BF-5725-407B-A981-8514C8DF3425}"
EndProject
Global
	GlobalSection(SolutionConfigurationPlatforms) = preSolution
		Debug|Any CPU = Debug|Any CPU
		Release|Any CPU = Release|Any CPU
	EndGlobalSection
	GlobalSection(ProjectConfigurationPlatforms) = postSolution
		{06182F04-8A1F-4176-9416-F0799726C1C8}.Debug|Any CPU.ActiveCfg = Debug|Any CPU
		{06182F04-8A1F-4176-9416-F0799726C1C8}.Debug|Any CPU.Build.0 = Debug|Any CPU
		{06182F04-8A1F-4176-9416-F0799726C1C8}.Release|Any CPU.ActiveCfg = Release|Any CPU
		{06182F04-8A1F-4176-9416-F0799726C1C8}.Release|Any CPU.Build.0 = Release|Any CPU
		{6BA0169B-004A-4DE4-99EC-AACBB107F2A3}.Debug|Any CPU.ActiveCfg = Debug|Any CPU
		{6BA0169B-004A-4DE4-99EC-AACBB107F2A3}.Debug|Any CPU.Build.0 = Debug|Any CPU
		{6BA0169B-004A-4DE4-99EC-AACBB107F2A3}.Release|Any CPU.ActiveCfg = Release|Any CPU
		{6BA0169B-004A-4DE4-99EC-AACBB107F2A3}.Release|Any CPU.Build.0 = Release|Any CPU
		{017F93BF-5725-407B-A981-8514C8DF3425}.Debug|Any CPU.ActiveCfg = Debug|Any CPU
		{017F93BF-5725-407B-A981-8514C8DF3425}.Debug|Any CPU.Build.0 = Debug|Any CPU
		{017F93BF-5725-407B-A981-8514C8DF3425}.Release|Any CPU.ActiveCfg = Release|Any CPU
		{017F93BF-5725-407B-A981-8514C8DF3425}.Release|Any CPU.Build.0 = Release|Any CPU
	EndGlobalSection
	GlobalSection(SolutionProperties) = preSolution
		HideSolutionNode = FALSE
	EndGlobalSection
	GlobalSection(ExtensibilityGlobals) = postSolution
		SolutionGuid = {332CDA41-DF5F-4660-8A17-060235B16670}
	EndGlobalSection
EndGlobal
